
Microsoft Visual Studio Solution File, Format Version 12.00
# Visual Studio 15
VisualStudioVersion = 15.0.27703.2018
MinimumVisualStudioVersion = 10.0.40219.1
Project("{FAE04EC0-301F-11D3-BF4B-00C04F79EFBC}") = "SerializarObjetos", "SerializarObjetos\SerializarObjetos.csproj", "{15E30A3E-659D-4A5F-9BEC-A885C081F634}"
EndProject
Global
	GlobalSection(SolutionConfigurationPlatforms) = preSolution
		Debug|Any CPU = Debug|Any CPU
		Release|Any CPU = Release|Any CPU
	EndGlobalSection
	GlobalSection(ProjectConfigurationPlatforms) = postSolution
		{15E30A3E-659D-4A5F-9BEC-A885C081F634}.Debug|Any CPU.ActiveCfg = Debug|Any CPU
		{15E30A3E-659D-4A5F-9BEC-A885C081F634}.Debug|Any CPU.Build.0 = Debug|Any CPU
		{15E30A3E-659D-4A5F-9BEC-A885C081F634}.Release|Any CPU.ActiveCfg = Release|Any CPU
		{15E30A3E-659D-4A5F-9BEC-A885C081F634}.Release|Any CPU.Build.0 = Release|Any CPU
	EndGlobalSection
	GlobalSection(SolutionProperties) = preSolution
		HideSolutionNode = FALSE
	EndGlobalSection
	GlobalSection(ExtensibilityGlobals) = postSolution
		SolutionGuid = {04D9666E-F051-4AF4-887A-F08F5746E5F7}
	EndGlobalSection
EndGlobal
